
Microsoft Visual Studio Solution File, Format Version 12.00
# Visual Studio Version 16
VisualStudioVersion = 16.0.30128.74
MinimumVisualStudioVersion = 10.0.40219.1
Project("{FAE04EC0-301F-11D3-BF4B-00C04F79EFBC}") = "DefaultStylesNet5", "DefaultStylesNet5\DefaultStylesNet5.csproj", "{3B788E75-41C6-4A93-9DAF-72CD2971A9DE}"
EndProject
Global
	GlobalSection(SolutionConfigurationPlatforms) = preSolution
		Debug|Any CPU = Debug|Any CPU
		Release|Any CPU = Release|Any CPU
	EndGlobalSection
	GlobalSection(ProjectConfigurationPlatforms) = postSolution
		{3B788E75-41C6-4A93-9DAF-72CD2971A9DE}.Debug|Any CPU.ActiveCfg = Debug|Any CPU
		{3B788E75-41C6-4A93-9DAF-72CD2971A9DE}.Debug|Any CPU.Build.0 = Debug|Any CPU
		{3B788E75-41C6-4A93-9DAF-72CD2971A9DE}.Release|Any CPU.ActiveCfg = Release|Any CPU
		{3B788E75-41C6-4A93-9DAF-72CD2971A9DE}.Release|Any CPU.Build.0 = Release|Any CPU
	EndGlobalSection
	GlobalSection(SolutionProperties) = preSolution
		HideSolutionNode = FALSE
	EndGlobalSection
	GlobalSection(ExtensibilityGlobals) = postSolution
		SolutionGuid = {03753F34-95CB-4094-ADAA-5AF8330A921E}
	EndGlobalSection
EndGlobal
